<?xml version="1.0" encoding="utf-8"?>
<Project ToolsVersion="4.0" xmlns="http://schemas.microsoft.com/developer/msbuild/2003">
  <ItemGroup>
    <Filter Include="Fichiers sources">
      <UniqueIdentifier>{4FC737F1-C7A5-4376-A066-2A32D752A2FF}</UniqueIdentifier>
      <Extensions>cpp;c;cc;cxx;c++;cppm;ixx;def;odl;idl;hpj;bat;asm;asmx</Extensions>
    </Filter>
    <Filter Include="Fichiers d%27en-tête">
      <UniqueIdentifier>{93995380-89BD-4b04-88EB-625FBE52EBFB}</UniqueIdentifier>
      <Extensions>h;hh;hpp;hxx;h++;hm;inl;inc;ipp;xsd</Extensions>
    </Filter>
    <Filter Include="Fichiers de ressources">
      <UniqueIdentifier>{67DA6AB6-F800-4c08-8B7A-83BB121AAD01}</UniqueIdentifier>
      <Extensions>rc;ico;cur;bmp;dlg;rc2;rct;bin;rgs;gif;jpg;jpeg;jpe;resx;tiff;tif;png;wav;mfcribbon-ms</Extensions>
    </Filter>
    <Filter Include="Fichiers sources\Core">
      <UniqueIdentifier>{7630fa22-e50d-442c-b333-3eeb091229d3}</UniqueIdentifier>
    </Filter>
    <Filter Include="Fichiers sources\Core\Debug">
      <UniqueIdentifier>{f336bbf3-6e22-49cf-b03c-d10fd1e23d3d}</UniqueIdentifier>
    </Filter>
    <Filter Include="Fichiers sources\Core\Maths">
      <UniqueIdentifier>{23c3523f-e56d-41a1-9cb0-ab1c3a240c50}</UniqueIdentifier>
    </Filter>
    <Filter Include="Fichiers d%27en-tête\Core">
      <UniqueIdentifier>{51a2fb97-c58e-4225-b718-6e9820b6ed4d}</UniqueIdentifier>
    </Filter>
    <Filter Include="Fichiers d%27en-tête\Core\Maths">
      <UniqueIdentifier>{7def36e8-bb4c-4ded-b34f-1f8dbc765433}</UniqueIdentifier>
    </Filter>
    <Filter Include="Fichiers d%27en-tête\Core\Debug">
      <UniqueIdentifier>{f5392169-4d36-436c-83f1-cf6334a38b2e}</UniqueIdentifier>
    </Filter>
    <Filter Include="Fichiers d%27en-tête\Resources">
      <UniqueIdentifier>{190e196e-d4c2-463d-85cd-8594d9fca79a}</UniqueIdentifier>
    </Filter>
    <Filter Include="Fichiers sources\Resources">
      <UniqueIdentifier>{7fa9cc90-85d8-4816-9d54-ec597fdb3e0c}</UniqueIdentifier>
    </Filter>
    <Filter Include="Fichiers d%27en-tête\Resources\Utils">
      <UniqueIdentifier>{c5429d84-d38f-4a53-944a-cca54eb33b99}</UniqueIdentifier>
    </Filter>
    <Filter Include="Fichiers sources\Resources\Utils">
      <UniqueIdentifier>{2939596f-7e1c-45d6-910b-5cb09b186c8c}</UniqueIdentifier>
    </Filter>
    <Filter Include="Fichiers d%27en-tête\Resources\Objects">
      <UniqueIdentifier>{103b20b2-2f7e-437a-b9f4-e9aba0c582b6}</UniqueIdentifier>
    </Filter>
    <Filter Include="Fichiers sources\Resources\Objects">
      <UniqueIdentifier>{f3fa1d34-8226-414d-b9ea-97d582eda6eb}</UniqueIdentifier>
    </Filter>
    <Filter Include="Fichiers sources\Externals">
      <UniqueIdentifier>{a8b41520-bd85-478a-80c0-66cbb4dbaf2f}</UniqueIdentifier>
    </Filter>
    <Filter Include="Fichiers sources\Core\UI">
      <UniqueIdentifier>{7fa85f3e-7eb6-4561-afd0-3aed5f979d99}</UniqueIdentifier>
    </Filter>
    <Filter Include="Fichiers d%27en-tête\Core\UI">
      <UniqueIdentifier>{b279b1d3-e808-4f24-a3f3-ecaf012f194d}</UniqueIdentifier>
    </Filter>
    <Filter Include="Fichiers d%27en-tête\Externals">
      <UniqueIdentifier>{6222560c-265e-4c7f-b271-259b75115de0}</UniqueIdentifier>
    </Filter>
    <Filter Include="Fichiers d%27en-tête\Externals\ImGui">
      <UniqueIdentifier>{63ad0dae-9976-4308-8c42-971a4b18a357}</UniqueIdentifier>
    </Filter>
    <Filter Include="Fichiers sources\Externals\ImGui">
      <UniqueIdentifier>{aa9ce4ab-a8f7-4cee-925a-af4dc1c70655}</UniqueIdentifier>
    </Filter>
    <Filter Include="Fichiers sources\Externals\Glad">
      <UniqueIdentifier>{1aae0414-d0a3-451b-9969-9d721b5516bc}</UniqueIdentifier>
    </Filter>
    <Filter Include="Fichiers de ressources\Shaders">
      <UniqueIdentifier>{a93508df-c43b-411f-99a6-c933fbb479ce}</UniqueIdentifier>
    </Filter>
    <Filter Include="Fichiers d%27en-tête\Renderer">
      <UniqueIdentifier>{e51363f7-267e-4708-833c-ec6c390f538b}</UniqueIdentifier>
    </Filter>
    <Filter Include="Fichiers sources\Renderer">
      <UniqueIdentifier>{36b99f28-f988-4dba-ae75-9267a701ce78}</UniqueIdentifier>
    </Filter>
    <Filter Include="Fichiers d%27en-tête\Renderer\Objects">
      <UniqueIdentifier>{9ed4e1ac-aca4-4e6b-b119-a798a8e4b44e}</UniqueIdentifier>
    </Filter>
    <Filter Include="Fichiers d%27en-tête\Renderer\Managers">
      <UniqueIdentifier>{e10e6558-d61c-48ef-a8b9-c467b9b28cd3}</UniqueIdentifier>
    </Filter>
    <Filter Include="Fichiers sources\Resources\Managers">
      <UniqueIdentifier>{88400a41-7749-4d73-af1b-2cfa1d460a53}</UniqueIdentifier>
    </Filter>
    <Filter Include="Fichiers sources\Renderer\Managers">
      <UniqueIdentifier>{e25a345a-6af2-4136-a600-c3422e9f133f}</UniqueIdentifier>
    </Filter>
    <Filter Include="Fichiers sources\Renderer\Objects">
      <UniqueIdentifier>{03b4ec3e-19fa-4da4-bca7-4cf519e07600}</UniqueIdentifier>
    </Filter>
    <Filter Include="Fichiers d%27en-tête\Core\Scene">
      <UniqueIdentifier>{d307da0f-2f01-45d1-aaf8-4afdc58a99fb}</UniqueIdentifier>
    </Filter>
    <Filter Include="Fichiers sources\Core\Scene">
      <UniqueIdentifier>{3a792546-292b-459e-951c-9faf436d468d}</UniqueIdentifier>
    </Filter>
  </ItemGroup>
  <ItemGroup>
    <ClCompile Include="Sources\Vector2.cpp">
      <Filter>Fichiers sources\Core\Maths</Filter>
    </ClCompile>
    <ClCompile Include="Sources\Vector3.cpp">
      <Filter>Fichiers sources\Core\Maths</Filter>
    </ClCompile>
    <ClCompile Include="Sources\Vector4.cpp">
      <Filter>Fichiers sources\Core\Maths</Filter>
    </ClCompile>
    <ClCompile Include="Sources\Debug.cpp">
      <Filter>Fichiers sources\Core\Debug</Filter>
    </ClCompile>
    <ClCompile Include="Sources\main.cpp">
      <Filter>Fichiers sources</Filter>
    </ClCompile>
    <ClCompile Include="Sources\Matrix.cpp">
      <Filter>Fichiers sources\Core\Maths</Filter>
    </ClCompile>
    <ClCompile Include="Sources\Texture.cpp">
      <Filter>Fichiers sources\Resources\Objects</Filter>
    </ClCompile>
    <ClCompile Include="Sources\ParserOBJ.cpp">
      <Filter>Fichiers sources\Resources\Utils</Filter>
    </ClCompile>
    <ClCompile Include="Sources\Arithmetic.cpp">
      <Filter>Fichiers sources\Core\Maths</Filter>
    </ClCompile>
    <ClCompile Include="Includes\ImGUI\imgui.cpp">
      <Filter>Fichiers sources\Externals\ImGui</Filter>
    </ClCompile>
    <ClCompile Include="Includes\ImGUI\imgui_demo.cpp">
      <Filter>Fichiers sources\Externals\ImGui</Filter>
    </ClCompile>
    <ClCompile Include="Includes\ImGUI\imgui_draw.cpp">
      <Filter>Fichiers sources\Externals\ImGui</Filter>
    </ClCompile>
    <ClCompile Include="Includes\ImGUI\imgui_impl_glfw.cpp">
      <Filter>Fichiers sources\Externals\ImGui</Filter>
    </ClCompile>
    <ClCompile Include="Includes\ImGUI\imgui_impl_opengl3.cpp">
      <Filter>Fichiers sources\Externals\ImGui</Filter>
    </ClCompile>
    <ClCompile Include="Includes\ImGUI\imgui_stdlib.cpp">
      <Filter>Fichiers sources\Externals\ImGui</Filter>
    </ClCompile>
    <ClCompile Include="Includes\ImGUI\imgui_tables.cpp">
      <Filter>Fichiers sources\Externals\ImGui</Filter>
    </ClCompile>
    <ClCompile Include="Includes\ImGUI\imgui_widgets.cpp">
      <Filter>Fichiers sources\Externals\ImGui</Filter>
    </ClCompile>
    <ClCompile Include="Sources\UserInterface.cpp">
      <Filter>Fichiers sources\Core\UI</Filter>
    </ClCompile>
    <ClCompile Include="Sources\glad.c">
      <Filter>Fichiers sources\Externals\Glad</Filter>
    </ClCompile>
    <ClCompile Include="Sources\App.cpp">
      <Filter>Fichiers sources\Core</Filter>
    </ClCompile>
    <ClCompile Include="Sources\ResourceManager.cpp">
      <Filter>Fichiers sources\Resources\Managers</Filter>
    </ClCompile>
    <ClCompile Include="Sources\Camera.cpp">
      <Filter>Fichiers sources\Renderer\Objects</Filter>
    </ClCompile>
    <ClCompile Include="Sources\Shader.cpp">
      <Filter>Fichiers sources\Resources\Objects</Filter>
    </ClCompile>
    <ClCompile Include="Sources\Model.cpp">
      <Filter>Fichiers sources\Renderer\Objects</Filter>
    </ClCompile>
    <ClCompile Include="Sources\Mesh.cpp">
      <Filter>Fichiers sources\Resources\Objects</Filter>
    </ClCompile>
    <ClCompile Include="Sources\ModelManager.cpp">
      <Filter>Fichiers sources\Renderer\Managers</Filter>
    </ClCompile>
    <ClCompile Include="Sources\Light.cpp">
      <Filter>Fichiers sources\Renderer\Objects</Filter>
    </ClCompile>
    <ClCompile Include="Sources\LightManager.cpp">
      <Filter>Fichiers sources\Renderer\Managers</Filter>
    </ClCompile>
    <ClCompile Include="Sources\SceneNode.cpp">
      <Filter>Fichiers sources\Core\Scene</Filter>
    </ClCompile>
  </ItemGroup>
  <ItemGroup>
    <ClInclude Include="Headers\Debug.h">
      <Filter>Fichiers d%27en-tête\Core\Debug</Filter>
    </ClInclude>
    <ClInclude Include="Headers\Constants.h">
      <Filter>Fichiers d%27en-tête\Core\Maths</Filter>
    </ClInclude>
    <ClInclude Include="Headers\Vector3.h">
      <Filter>Fichiers d%27en-tête\Core\Maths</Filter>
    </ClInclude>
    <ClInclude Include="Headers\Vector4.h">
      <Filter>Fichiers d%27en-tête\Core\Maths</Filter>
    </ClInclude>
    <ClInclude Include="Headers\Vector2.h">
      <Filter>Fichiers d%27en-tête\Core\Maths</Filter>
    </ClInclude>
    <ClInclude Include="Headers\Matrix.h">
      <Filter>Fichiers d%27en-tête\Core\Maths</Filter>
    </ClInclude>
    <ClInclude Include="Headers\IResource.h">
      <Filter>Fichiers d%27en-tête\Resources</Filter>
    </ClInclude>
    <ClInclude Include="Headers\Vertex.h">
      <Filter>Fichiers d%27en-tête\Core\Maths</Filter>
    </ClInclude>
    <ClInclude Include="Headers\ParserOBJ.h">
      <Filter>Fichiers d%27en-tête\Resources\Utils</Filter>
    </ClInclude>
    <ClInclude Include="Headers\Texture.h">
      <Filter>Fichiers d%27en-tête\Resources\Objects</Filter>
    </ClInclude>
    <ClInclude Include="Headers\Shader.h">
      <Filter>Fichiers d%27en-tête\Resources\Objects</Filter>
    </ClInclude>
    <ClInclude Include="Headers\Arithmetic.h">
      <Filter>Fichiers d%27en-tête\Core\Maths</Filter>
    </ClInclude>
    <ClInclude Include="Headers\UserInterface.h">
      <Filter>Fichiers d%27en-tête\Core\UI</Filter>
    </ClInclude>
    <ClInclude Include="Includes\ImGUI\imconfig.h">
      <Filter>Fichiers d%27en-tête\Externals\ImGui</Filter>
    </ClInclude>
    <ClInclude Include="Includes\ImGUI\imgui.h">
      <Filter>Fichiers d%27en-tête\Externals\ImGui</Filter>
    </ClInclude>
    <ClInclude Include="Includes\ImGUI\imgui_impl_glfw.h">
      <Filter>Fichiers d%27en-tête\Externals\ImGui</Filter>
    </ClInclude>
    <ClInclude Include="Includes\ImGUI\imgui_impl_opengl3.h">
      <Filter>Fichiers d%27en-tête\Externals\ImGui</Filter>
    </ClInclude>
    <ClInclude Include="Includes\ImGUI\imgui_impl_opengl3_loader.h">
      <Filter>Fichiers d%27en-tête\Externals\ImGui</Filter>
    </ClInclude>
    <ClInclude Include="Includes\ImGUI\imgui_internal.h">
      <Filter>Fichiers d%27en-tête\Externals\ImGui</Filter>
    </ClInclude>
    <ClInclude Include="Includes\ImGUI\imgui_stdlib.h">
      <Filter>Fichiers d%27en-tête\Externals\ImGui</Filter>
    </ClInclude>
    <ClInclude Include="Includes\ImGUI\imstb_rectpack.h">
      <Filter>Fichiers d%27en-tête\Externals\ImGui</Filter>
    </ClInclude>
    <ClInclude Include="Includes\ImGUI\imstb_textedit.h">
      <Filter>Fichiers d%27en-tête\Externals\ImGui</Filter>
    </ClInclude>
    <ClInclude Include="Includes\ImGUI\imstb_truetype.h">
      <Filter>Fichiers d%27en-tête\Externals\ImGui</Filter>
    </ClInclude>
    <ClInclude Include="Headers\App.h">
      <Filter>Fichiers d%27en-tête\Core</Filter>
    </ClInclude>
    <ClInclude Include="Headers\Transform.h">
      <Filter>Fichiers d%27en-tête\Core\Maths</Filter>
    </ClInclude>
    <ClInclude Include="Headers\Mesh.h">
      <Filter>Fichiers d%27en-tête\Resources\Objects</Filter>
    </ClInclude>
    <ClInclude Include="Headers\ResourceManager.h">
      <Filter>Fichiers d%27en-tête\Resources\Utils</Filter>
    </ClInclude>
    <ClInclude Include="Headers\Camera.h">
      <Filter>Fichiers d%27en-tête\Renderer\Objects</Filter>
    </ClInclude>
    <ClInclude Include="Headers\Model.h">
      <Filter>Fichiers d%27en-tête\Renderer\Objects</Filter>
    </ClInclude>
    <ClInclude Include="Headers\ModelManager.h">
      <Filter>Fichiers d%27en-tête\Renderer\Managers</Filter>
    </ClInclude>
    <ClInclude Include="Headers\Light.h">
      <Filter>Fichiers d%27en-tête\Renderer\Objects</Filter>
    </ClInclude>
    <ClInclude Include="Headers\LightManager.h">
      <Filter>Fichiers d%27en-tête\Renderer\Managers</Filter>
    </ClInclude>
    <ClInclude Include="Headers\SceneGraph.h">
      <Filter>Fichiers d%27en-tête\Core\Scene</Filter>
    </ClInclude>
    <ClInclude Include="Headers\SceneNode.h">
      <Filter>Fichiers d%27en-tête\Core\Scene</Filter>
    </ClInclude>
  </ItemGroup>
  <ItemGroup>
    <None Include="Sources\Matrix.inl">
      <Filter>Fichiers sources\Core\Maths</Filter>
    </None>
    <None Include="Assets\Shaders\VertexShader.vert">
      <Filter>Fichiers de ressources\Shaders</Filter>
    </None>
    <None Include="Assets\Shaders\FragmentShader.frag">
      <Filter>Fichiers de ressources\Shaders</Filter>
    </None>
    <None Include="Sources\ResourceManager.inl">
      <Filter>Fichiers sources\Resources\Managers</Filter>
    </None>
    <None Include="Sources\SceneGraph.inl">
      <Filter>Fichiers sources\Core\Scene</Filter>
    </None>
  </ItemGroup>
</Project>